// !$*UTF8*$!
{
	archiveVersion = 1;
	classes = {
	};
	objectVersion = 46;
	objects = {

/* Begin PBXBuildFile section */
		1F5CD31C7E5E4F920F13AC3F /* Pods_Artpass.framework in Frameworks */ = {isa = PBXBuildFile; fileRef = 5E8BF931B44E0AF1A46A01F1 /* Pods_Artpass.framework */; settings = {ATTRIBUTES = (Required, ); }; };
		5C0317561C14F7390090EF44 /* HomeFilterEventsView.swift in Sources */ = {isa = PBXBuildFile; fileRef = 5C0317551C14F7390090EF44 /* HomeFilterEventsView.swift */; };
		5C1ABE9A1C1A2E72002288A0 /* EventTypes.swift in Sources */ = {isa = PBXBuildFile; fileRef = 5C1ABE991C1A2E72002288A0 /* EventTypes.swift */; };
		5C1ABE9F1C1B10E2002288A0 /* HomeFilterPlaceController.swift in Sources */ = {isa = PBXBuildFile; fileRef = 5C1ABE9E1C1B10E2002288A0 /* HomeFilterPlaceController.swift */; };
		5C1ABEA51C1B17CA002288A0 /* HomeFilterTypeController.swift in Sources */ = {isa = PBXBuildFile; fileRef = 5C1ABEA31C1B17CA002288A0 /* HomeFilterTypeController.swift */; };
		5C1ABEA61C1B17CA002288A0 /* HomeFilterPeriodController.swift in Sources */ = {isa = PBXBuildFile; fileRef = 5C1ABEA41C1B17CA002288A0 /* HomeFilterPeriodController.swift */; };
		5C1ABEA81C1B22AA002288A0 /* Period.swift in Sources */ = {isa = PBXBuildFile; fileRef = 5C1ABEA71C1B22AA002288A0 /* Period.swift */; };
		5C5453931C0F1D0600F9D1BE /* HomeTabsController.swift in Sources */ = {isa = PBXBuildFile; fileRef = 5C5453921C0F1D0600F9D1BE /* HomeTabsController.swift */; };
		5C7B4A641C1767AC008C21BF /* EventInfoTableView.swift in Sources */ = {isa = PBXBuildFile; fileRef = 5C7B4A631C1767AC008C21BF /* EventInfoTableView.swift */; };
		5C7B4A671C1768DF008C21BF /* EventInfoController.swift in Sources */ = {isa = PBXBuildFile; fileRef = 5C7B4A661C1768DF008C21BF /* EventInfoController.swift */; };
		5C7B4A691C176D8A008C21BF /* EventArtistCell.xib in Resources */ = {isa = PBXBuildFile; fileRef = 5C7B4A681C176D8A008C21BF /* EventArtistCell.xib */; };
		5C7B4A6B1C176DE3008C21BF /* EventArtistCell.swift in Sources */ = {isa = PBXBuildFile; fileRef = 5C7B4A6A1C176DE3008C21BF /* EventArtistCell.swift */; };
		5C7B4A6E1C1843B3008C21BF /* LocationInfoController.swift in Sources */ = {isa = PBXBuildFile; fileRef = 5C7B4A6D1C1843B3008C21BF /* LocationInfoController.swift */; };
		5C7F21251C11864D0006385E /* Events.swift in Sources */ = {isa = PBXBuildFile; fileRef = 5C7F21241C11864D0006385E /* Events.swift */; };
		5C7F212A1C11C33B0006385E /* HomeEventCell.xib in Resources */ = {isa = PBXBuildFile; fileRef = 5C7F21291C11C33B0006385E /* HomeEventCell.xib */; };
		5C7F212C1C11C7BE0006385E /* HomeEventCell.swift in Sources */ = {isa = PBXBuildFile; fileRef = 5C7F212B1C11C7BE0006385E /* HomeEventCell.swift */; };
		5C7F21501C1391740006385E /* HomeEventsFilterController.swift in Sources */ = {isa = PBXBuildFile; fileRef = 5C7F214F1C1391740006385E /* HomeEventsFilterController.swift */; };
		5C8BC44F1C0F1F1F00B0634F /* HomeBookmarksView.swift in Sources */ = {isa = PBXBuildFile; fileRef = 5C8BC44D1C0F1F1F00B0634F /* HomeBookmarksView.swift */; };
		5C8BC4501C0F1F1F00B0634F /* HomeEventsListView.swift in Sources */ = {isa = PBXBuildFile; fileRef = 5C8BC44E1C0F1F1F00B0634F /* HomeEventsListView.swift */; };
		5C8BC4521C0F38F400B0634F /* HomeSearchView.swift in Sources */ = {isa = PBXBuildFile; fileRef = 5C8BC4511C0F38F400B0634F /* HomeSearchView.swift */; };
		5C8BC4541C0F395100B0634F /* HomeProfileView.swift in Sources */ = {isa = PBXBuildFile; fileRef = 5C8BC4531C0F395100B0634F /* HomeProfileView.swift */; };
		5C8BC4561C0F396700B0634F /* HomeNotificationView.swift in Sources */ = {isa = PBXBuildFile; fileRef = 5C8BC4551C0F396700B0634F /* HomeNotificationView.swift */; };
		5CA83F9A1C18966300125E44 /* LocationInfoTableView.swift in Sources */ = {isa = PBXBuildFile; fileRef = 5CA83F991C18966300125E44 /* LocationInfoTableView.swift */; };
		5CA83F9C1C18970200125E44 /* LocationInfoTableController.swift in Sources */ = {isa = PBXBuildFile; fileRef = 5CA83F9B1C18970200125E44 /* LocationInfoTableController.swift */; };
		5CD861B61C10E03500EB826D /* Event.swift in Sources */ = {isa = PBXBuildFile; fileRef = 5CD861B51C10E03500EB826D /* Event.swift */; };
		5CD861B81C10E06600EB826D /* Artist.swift in Sources */ = {isa = PBXBuildFile; fileRef = 5CD861B71C10E06600EB826D /* Artist.swift */; };
		5CD861BA1C10F2FF00EB826D /* Place.swift in Sources */ = {isa = PBXBuildFile; fileRef = 5CD861B91C10F2FF00EB826D /* Place.swift */; };
		5CF354541C0F0EE300F6226C /* BaseViewController.swift in Sources */ = {isa = PBXBuildFile; fileRef = 5CF354531C0F0EE300F6226C /* BaseViewController.swift */; };
		B308A600870EF3E9DA76C60C /* AppDelegate.swift in Sources */ = {isa = PBXBuildFile; fileRef = B308A8E54AABA603546E3739 /* AppDelegate.swift */; };
		B308A763C14AC62553323AEF /* Main.storyboard in Resources */ = {isa = PBXBuildFile; fileRef = B308A099B5BF5E0E248741FF /* Main.storyboard */; };
		B308AA935C4C71D5CA902EBB /* Assets.xcassets in Resources */ = {isa = PBXBuildFile; fileRef = B308AD1B472367AB1D8C9FD9 /* Assets.xcassets */; };
		B308AD09041AF6128DDADB6D /* LaunchScreen.storyboard in Resources */ = {isa = PBXBuildFile; fileRef = B308A45F1A695C37BB9BE27F /* LaunchScreen.storyboard */; };
/* End PBXBuildFile section */

/* Begin PBXFileReference section */
		57154548FC2DAC8321077353 /* Pods-Artpass.release.xcconfig */ = {isa = PBXFileReference; includeInIndex = 1; lastKnownFileType = text.xcconfig; name = "Pods-Artpass.release.xcconfig"; path = "Pods/Target Support Files/Pods-Artpass/Pods-Artpass.release.xcconfig"; sourceTree = "<group>"; };
		5C0317551C14F7390090EF44 /* HomeFilterEventsView.swift */ = {isa = PBXFileReference; fileEncoding = 4; lastKnownFileType = sourcecode.swift; path = HomeFilterEventsView.swift; sourceTree = "<group>"; };
		5C1ABE991C1A2E72002288A0 /* EventTypes.swift */ = {isa = PBXFileReference; fileEncoding = 4; lastKnownFileType = sourcecode.swift; name = EventTypes.swift; path = Library/Helpers/EventTypes.swift; sourceTree = "<group>"; };
		5C1ABE9E1C1B10E2002288A0 /* HomeFilterPlaceController.swift */ = {isa = PBXFileReference; fileEncoding = 4; lastKnownFileType = sourcecode.swift; name = HomeFilterPlaceController.swift; path = Filter/HomeFilterPlaceController.swift; sourceTree = "<group>"; };
		5C1ABEA31C1B17CA002288A0 /* HomeFilterTypeController.swift */ = {isa = PBXFileReference; fileEncoding = 4; lastKnownFileType = sourcecode.swift; name = HomeFilterTypeController.swift; path = Filter/HomeFilterTypeController.swift; sourceTree = "<group>"; };
		5C1ABEA41C1B17CA002288A0 /* HomeFilterPeriodController.swift */ = {isa = PBXFileReference; fileEncoding = 4; lastKnownFileType = sourcecode.swift; name = HomeFilterPeriodController.swift; path = Filter/HomeFilterPeriodController.swift; sourceTree = "<group>"; };
		5C1ABEA71C1B22AA002288A0 /* Period.swift */ = {isa = PBXFileReference; fileEncoding = 4; lastKnownFileType = sourcecode.swift; name = Period.swift; path = Library/Helpers/Period.swift; sourceTree = "<group>"; };
		5C5453921C0F1D0600F9D1BE /* HomeTabsController.swift */ = {isa = PBXFileReference; fileEncoding = 4; lastKnownFileType = sourcecode.swift; path = HomeTabsController.swift; sourceTree = "<group>"; };
		5C781E4E1C10F57600EDE4C3 /* Alamofire.framework */ = {isa = PBXFileReference; lastKnownFileType = wrapper.framework; name = Alamofire.framework; path = "Pods/../build/Debug-iphoneos/Alamofire.framework"; sourceTree = "<group>"; };
		5C781E501C10F57900EDE4C3 /* ObjectMapper.framework */ = {isa = PBXFileReference; lastKnownFileType = wrapper.framework; name = ObjectMapper.framework; path = "Pods/../build/Debug-iphoneos/ObjectMapper.framework"; sourceTree = "<group>"; };
		5C7B4A631C1767AC008C21BF /* EventInfoTableView.swift */ = {isa = PBXFileReference; fileEncoding = 4; lastKnownFileType = sourcecode.swift; path = EventInfoTableView.swift; sourceTree = "<group>"; };
		5C7B4A661C1768DF008C21BF /* EventInfoController.swift */ = {isa = PBXFileReference; fileEncoding = 4; lastKnownFileType = sourcecode.swift; name = EventInfoController.swift; path = Event/EventInfoController.swift; sourceTree = "<group>"; };
		5C7B4A681C176D8A008C21BF /* EventArtistCell.xib */ = {isa = PBXFileReference; fileEncoding = 4; lastKnownFileType = file.xib; path = EventArtistCell.xib; sourceTree = "<group>"; };
		5C7B4A6A1C176DE3008C21BF /* EventArtistCell.swift */ = {isa = PBXFileReference; fileEncoding = 4; lastKnownFileType = sourcecode.swift; path = EventArtistCell.swift; sourceTree = "<group>"; };
		5C7B4A6D1C1843B3008C21BF /* LocationInfoController.swift */ = {isa = PBXFileReference; fileEncoding = 4; lastKnownFileType = sourcecode.swift; name = LocationInfoController.swift; path = Location/LocationInfoController.swift; sourceTree = "<group>"; };
		5C7F21241C11864D0006385E /* Events.swift */ = {isa = PBXFileReference; fileEncoding = 4; lastKnownFileType = sourcecode.swift; path = Events.swift; sourceTree = "<group>"; };
		5C7F21291C11C33B0006385E /* HomeEventCell.xib */ = {isa = PBXFileReference; fileEncoding = 4; lastKnownFileType = file.xib; path = HomeEventCell.xib; sourceTree = "<group>"; };
		5C7F212B1C11C7BE0006385E /* HomeEventCell.swift */ = {isa = PBXFileReference; fileEncoding = 4; lastKnownFileType = sourcecode.swift; path = HomeEventCell.swift; sourceTree = "<group>"; };
		5C7F214F1C1391740006385E /* HomeEventsFilterController.swift */ = {isa = PBXFileReference; fileEncoding = 4; lastKnownFileType = sourcecode.swift; path = HomeEventsFilterController.swift; sourceTree = "<group>"; };
		5C8BC44D1C0F1F1F00B0634F /* HomeBookmarksView.swift */ = {isa = PBXFileReference; fileEncoding = 4; lastKnownFileType = sourcecode.swift; path = HomeBookmarksView.swift; sourceTree = "<group>"; };
		5C8BC44E1C0F1F1F00B0634F /* HomeEventsListView.swift */ = {isa = PBXFileReference; fileEncoding = 4; lastKnownFileType = sourcecode.swift; path = HomeEventsListView.swift; sourceTree = "<group>"; };
		5C8BC4511C0F38F400B0634F /* HomeSearchView.swift */ = {isa = PBXFileReference; fileEncoding = 4; lastKnownFileType = sourcecode.swift; path = HomeSearchView.swift; sourceTree = "<group>"; };
		5C8BC4531C0F395100B0634F /* HomeProfileView.swift */ = {isa = PBXFileReference; fileEncoding = 4; lastKnownFileType = sourcecode.swift; path = HomeProfileView.swift; sourceTree = "<group>"; };
		5C8BC4551C0F396700B0634F /* HomeNotificationView.swift */ = {isa = PBXFileReference; fileEncoding = 4; lastKnownFileType = sourcecode.swift; path = HomeNotificationView.swift; sourceTree = "<group>"; };
		5CA83F991C18966300125E44 /* LocationInfoTableView.swift */ = {isa = PBXFileReference; fileEncoding = 4; lastKnownFileType = sourcecode.swift; name = LocationInfoTableView.swift; path = Location/LocationInfoTableView.swift; sourceTree = "<group>"; };
		5CA83F9B1C18970200125E44 /* LocationInfoTableController.swift */ = {isa = PBXFileReference; fileEncoding = 4; lastKnownFileType = sourcecode.swift; name = LocationInfoTableController.swift; path = Location/LocationInfoTableController.swift; sourceTree = "<group>"; };
		5CBBB6CC1C1B2C720047303F /* SwiftDate.framework */ = {isa = PBXFileReference; lastKnownFileType = wrapper.framework; name = SwiftDate.framework; path = "Pods/../build/Debug-iphoneos/SwiftDate.framework"; sourceTree = "<group>"; };
		5CD861B51C10E03500EB826D /* Event.swift */ = {isa = PBXFileReference; fileEncoding = 4; lastKnownFileType = sourcecode.swift; path = Event.swift; sourceTree = "<group>"; };
		5CD861B71C10E06600EB826D /* Artist.swift */ = {isa = PBXFileReference; fileEncoding = 4; lastKnownFileType = sourcecode.swift; path = Artist.swift; sourceTree = "<group>"; };
		5CD861B91C10F2FF00EB826D /* Place.swift */ = {isa = PBXFileReference; fileEncoding = 4; lastKnownFileType = sourcecode.swift; path = Place.swift; sourceTree = "<group>"; };
		5CF354281C0EEA1B00F6226C /* Artpass.app */ = {isa = PBXFileReference; explicitFileType = wrapper.application; includeInIndex = 0; path = Artpass.app; sourceTree = BUILT_PRODUCTS_DIR; };
		5CF354531C0F0EE300F6226C /* BaseViewController.swift */ = {isa = PBXFileReference; fileEncoding = 4; lastKnownFileType = sourcecode.swift; name = BaseViewController.swift; path = "Library/Base classes/View Controller/BaseViewController.swift"; sourceTree = "<group>"; };
		5E8BF931B44E0AF1A46A01F1 /* Pods_Artpass.framework */ = {isa = PBXFileReference; explicitFileType = wrapper.framework; includeInIndex = 0; path = Pods_Artpass.framework; sourceTree = BUILT_PRODUCTS_DIR; };
		B308A01A2F8E397CE2643BF9 /* Base */ = {isa = PBXFileReference; lastKnownFileType = file.storyboard; name = Base; path = Artpass/Base.lproj/LaunchScreen.storyboard; sourceTree = SOURCE_ROOT; };
		B308A3D59404709411B05CB8 /* Info.plist */ = {isa = PBXFileReference; fileEncoding = 4; lastKnownFileType = text.plist.info; path = Info.plist; sourceTree = "<group>"; };
		B308A46081CCFEA61C0C93FA /* Base */ = {isa = PBXFileReference; lastKnownFileType = file.storyboard; name = Base; path = Artpass/Base.lproj/Main.storyboard; sourceTree = SOURCE_ROOT; };
		B308A8E54AABA603546E3739 /* AppDelegate.swift */ = {isa = PBXFileReference; fileEncoding = 4; lastKnownFileType = sourcecode.swift; path = AppDelegate.swift; sourceTree = "<group>"; };
		B308AD1B472367AB1D8C9FD9 /* Assets.xcassets */ = {isa = PBXFileReference; lastKnownFileType = folder.assetcatalog; path = Assets.xcassets; sourceTree = "<group>"; };
		DB57EBD6C7D533EF43656468 /* Pods-Artpass.debug.xcconfig */ = {isa = PBXFileReference; includeInIndex = 1; lastKnownFileType = text.xcconfig; name = "Pods-Artpass.debug.xcconfig"; path = "Pods/Target Support Files/Pods-Artpass/Pods-Artpass.debug.xcconfig"; sourceTree = "<group>"; };
/* End PBXFileReference section */

/* Begin PBXFrameworksBuildPhase section */
		5CF354251C0EEA1B00F6226C /* Frameworks */ = {
			isa = PBXFrameworksBuildPhase;
			buildActionMask = 2147483647;
			files = (
				1F5CD31C7E5E4F920F13AC3F /* Pods_Artpass.framework in Frameworks */,
			);
			runOnlyForDeploymentPostprocessing = 0;
		};
/* End PBXFrameworksBuildPhase section */

/* Begin PBXGroup section */
		12803A78B2BD5FD6349812AE /* Pods */ = {
			isa = PBXGroup;
			children = (
				DB57EBD6C7D533EF43656468 /* Pods-Artpass.debug.xcconfig */,
				57154548FC2DAC8321077353 /* Pods-Artpass.release.xcconfig */,
			);
			name = Pods;
			sourceTree = "<group>";
		};
		5C0317541C14F72C0090EF44 /* Filter */ = {
			isa = PBXGroup;
			children = (
				5C0317551C14F7390090EF44 /* HomeFilterEventsView.swift */,
			);
			path = Filter;
			sourceTree = "<group>";
		};
		5C1ABE981C1A2E03002288A0 /* Helpers */ = {
			isa = PBXGroup;
			children = (
				5C1ABE991C1A2E72002288A0 /* EventTypes.swift */,
				5C1ABEA71C1B22AA002288A0 /* Period.swift */,
			);
			name = Helpers;
			sourceTree = "<group>";
		};
		5C1ABEA01C1B10F6002288A0 /* Filter */ = {
			isa = PBXGroup;
			children = (
				5C1ABEA31C1B17CA002288A0 /* HomeFilterTypeController.swift */,
				5C1ABEA41C1B17CA002288A0 /* HomeFilterPeriodController.swift */,
				5C1ABE9E1C1B10E2002288A0 /* HomeFilterPlaceController.swift */,
			);
			name = Filter;
			sourceTree = "<group>";
		};
		5C7B4A601C16455C008C21BF /* Event */ = {
			isa = PBXGroup;
			children = (
				5C7B4A631C1767AC008C21BF /* EventInfoTableView.swift */,
				5C7B4A6A1C176DE3008C21BF /* EventArtistCell.swift */,
			);
			path = Event;
			sourceTree = "<group>";
		};
		5C7B4A651C17684D008C21BF /* Event */ = {
			isa = PBXGroup;
			children = (
				5C7B4A661C1768DF008C21BF /* EventInfoController.swift */,
			);
			name = Event;
			sourceTree = "<group>";
		};
		5C7B4A6C1C184373008C21BF /* Location */ = {
			isa = PBXGroup;
			children = (
				5C7B4A6D1C1843B3008C21BF /* LocationInfoController.swift */,
				5CA83F9B1C18970200125E44 /* LocationInfoTableController.swift */,
			);
			name = Location;
			sourceTree = "<group>";
		};
		5CA83F981C18961400125E44 /* Location */ = {
			isa = PBXGroup;
			children = (
				5CA83F991C18966300125E44 /* LocationInfoTableView.swift */,
			);
			name = Location;
			sourceTree = "<group>";
		};
		5CD861B21C10DFCE00EB826D /* Models */ = {
			isa = PBXGroup;
			children = (
				5CD861B51C10E03500EB826D /* Event.swift */,
				5CD861B71C10E06600EB826D /* Artist.swift */,
				5CD861B91C10F2FF00EB826D /* Place.swift */,
				5C7F21241C11864D0006385E /* Events.swift */,
			);
			path = Models;
			sourceTree = "<group>";
		};
		5CF3541F1C0EEA1B00F6226C = {
			isa = PBXGroup;
			children = (
				5CF3542A1C0EEA1B00F6226C /* Artpass */,
				5CF354291C0EEA1B00F6226C /* Products */,
				12803A78B2BD5FD6349812AE /* Pods */,
				FCBA946B9FC5186F4C4A0F06 /* Frameworks */,
			);
			sourceTree = "<group>";
		};
		5CF354291C0EEA1B00F6226C /* Products */ = {
			isa = PBXGroup;
			children = (
				5CF354281C0EEA1B00F6226C /* Artpass.app */,
			);
			name = Products;
			sourceTree = "<group>";
		};
		5CF3542A1C0EEA1B00F6226C /* Artpass */ = {
			isa = PBXGroup;
			children = (
				5CD861B21C10DFCE00EB826D /* Models */,
				5CF354421C0F065200F6226C /* Controllers */,
				B308A5BED43AEE42AF586B9B /* Application */,
				B308A68AC1C00B201279310C /* Storyboards */,
				B308A2DC5A510997E1362A9B /* Resources */,
				5CF354551C0F0EF600F6226C /* Library */,
				5CF3545A1C0F184400F6226C /* Views */,
			);
			path = Artpass;
			sourceTree = "<group>";
		};
		5CF354421C0F065200F6226C /* Controllers */ = {
			isa = PBXGroup;
			children = (
				5C7B4A6C1C184373008C21BF /* Location */,
				5C7B4A651C17684D008C21BF /* Event */,
				5CF354431C0F066200F6226C /* Home */,
			);
			path = Controllers;
			sourceTree = "<group>";
		};
		5CF354431C0F066200F6226C /* Home */ = {
			isa = PBXGroup;
			children = (
				5C1ABEA01C1B10F6002288A0 /* Filter */,
				5C5453921C0F1D0600F9D1BE /* HomeTabsController.swift */,
				5C7F214F1C1391740006385E /* HomeEventsFilterController.swift */,
			);
			path = Home;
			sourceTree = "<group>";
		};
		5CF354551C0F0EF600F6226C /* Library */ = {
			isa = PBXGroup;
			children = (
				5C1ABE981C1A2E03002288A0 /* Helpers */,
				5CF354561C0F0F0900F6226C /* Base classes */,
			);
			name = Library;
			sourceTree = "<group>";
		};
		5CF354561C0F0F0900F6226C /* Base classes */ = {
			isa = PBXGroup;
			children = (
				5CF354571C0F0F1300F6226C /* View Controller */,
			);
			name = "Base classes";
			sourceTree = "<group>";
		};
		5CF354571C0F0F1300F6226C /* View Controller */ = {
			isa = PBXGroup;
			children = (
				5CF354531C0F0EE300F6226C /* BaseViewController.swift */,
			);
			name = "View Controller";
			sourceTree = "<group>";
		};
		5CF3545A1C0F184400F6226C /* Views */ = {
			isa = PBXGroup;
			children = (
				5CA83F981C18961400125E44 /* Location */,
				5CF3545B1C0F184B00F6226C /* Home */,
				5C7B4A601C16455C008C21BF /* Event */,
			);
			path = Views;
			sourceTree = "<group>";
		};
		5CF3545B1C0F184B00F6226C /* Home */ = {
			isa = PBXGroup;
			children = (
				5C0317541C14F72C0090EF44 /* Filter */,
				5C8BC44D1C0F1F1F00B0634F /* HomeBookmarksView.swift */,
				5C8BC44E1C0F1F1F00B0634F /* HomeEventsListView.swift */,
				5C8BC4511C0F38F400B0634F /* HomeSearchView.swift */,
				5C8BC4531C0F395100B0634F /* HomeProfileView.swift */,
				5C8BC4551C0F396700B0634F /* HomeNotificationView.swift */,
				5C7F212B1C11C7BE0006385E /* HomeEventCell.swift */,
			);
			path = Home;
			sourceTree = "<group>";
		};
		B308A2DC5A510997E1362A9B /* Resources */ = {
			isa = PBXGroup;
			children = (
				B308AD1B472367AB1D8C9FD9 /* Assets.xcassets */,
			);
			path = Resources;
			sourceTree = "<group>";
		};
		B308A5BED43AEE42AF586B9B /* Application */ = {
			isa = PBXGroup;
			children = (
				B308A8E54AABA603546E3739 /* AppDelegate.swift */,
				B308A3D59404709411B05CB8 /* Info.plist */,
			);
			path = Application;
			sourceTree = "<group>";
		};
		B308A68AC1C00B201279310C /* Storyboards */ = {
			isa = PBXGroup;
			children = (
				B308A45F1A695C37BB9BE27F /* LaunchScreen.storyboard */,
				B308A099B5BF5E0E248741FF /* Main.storyboard */,
				5C7F21291C11C33B0006385E /* HomeEventCell.xib */,
				5C7B4A681C176D8A008C21BF /* EventArtistCell.xib */,
			);
			path = Storyboards;
			sourceTree = "<group>";
		};
		FCBA946B9FC5186F4C4A0F06 /* Frameworks */ = {
			isa = PBXGroup;
			children = (
				5CBBB6CC1C1B2C720047303F /* SwiftDate.framework */,
				5C781E501C10F57900EDE4C3 /* ObjectMapper.framework */,
				5C781E4E1C10F57600EDE4C3 /* Alamofire.framework */,
				5E8BF931B44E0AF1A46A01F1 /* Pods_Artpass.framework */,
			);
			name = Frameworks;
			sourceTree = "<group>";
		};
/* End PBXGroup section */

/* Begin PBXNativeTarget section */
		5CF354271C0EEA1B00F6226C /* Artpass */ = {
			isa = PBXNativeTarget;
			buildConfigurationList = 5CF3543A1C0EEA1B00F6226C /* Build configuration list for PBXNativeTarget "Artpass" */;
			buildPhases = (
				7C60E1034F6C31EBD0CC636F /* Check Pods Manifest.lock */,
				5CF354241C0EEA1B00F6226C /* Sources */,
				5CF354251C0EEA1B00F6226C /* Frameworks */,
				5CF354261C0EEA1B00F6226C /* Resources */,
				BF40162283BDC15678F641CD /* Embed Pods Frameworks */,
				5821AA3F60D335716EA4E0C4 /* Copy Pods Resources */,
			);
			buildRules = (
			);
			dependencies = (
			);
			name = Artpass;
			productName = Artpass;
			productReference = 5CF354281C0EEA1B00F6226C /* Artpass.app */;
			productType = "com.apple.product-type.application";
		};
/* End PBXNativeTarget section */

/* Begin PBXProject section */
		5CF354201C0EEA1B00F6226C /* Project object */ = {
			isa = PBXProject;
			attributes = {
				LastSwiftUpdateCheck = 0710;
				LastUpgradeCheck = 0710;
				ORGANIZATIONNAME = Evgeniy;
				TargetAttributes = {
					5CF354271C0EEA1B00F6226C = {
						CreatedOnToolsVersion = 7.1.1;
					};
				};
			};
			buildConfigurationList = 5CF354231C0EEA1B00F6226C /* Build configuration list for PBXProject "Artpass" */;
			compatibilityVersion = "Xcode 3.2";
			developmentRegion = English;
			hasScannedForEncodings = 0;
			knownRegions = (
				en,
				Base,
			);
			mainGroup = 5CF3541F1C0EEA1B00F6226C;
			productRefGroup = 5CF354291C0EEA1B00F6226C /* Products */;
			projectDirPath = "";
			projectRoot = "";
			targets = (
				5CF354271C0EEA1B00F6226C /* Artpass */,
			);
		};
/* End PBXProject section */

/* Begin PBXResourcesBuildPhase section */
		5CF354261C0EEA1B00F6226C /* Resources */ = {
			isa = PBXResourcesBuildPhase;
			buildActionMask = 2147483647;
			files = (
				B308AD09041AF6128DDADB6D /* LaunchScreen.storyboard in Resources */,
				5C7F212A1C11C33B0006385E /* HomeEventCell.xib in Resources */,
				5C7B4A691C176D8A008C21BF /* EventArtistCell.xib in Resources */,
				B308A763C14AC62553323AEF /* Main.storyboard in Resources */,
				B308AA935C4C71D5CA902EBB /* Assets.xcassets in Resources */,
			);
			runOnlyForDeploymentPostprocessing = 0;
		};
/* End PBXResourcesBuildPhase section */

/* Begin PBXShellScriptBuildPhase section */
		5821AA3F60D335716EA4E0C4 /* Copy Pods Resources */ = {
			isa = PBXShellScriptBuildPhase;
			buildActionMask = 2147483647;
			files = (
			);
			inputPaths = (
			);
			name = "Copy Pods Resources";
			outputPaths = (
			);
			runOnlyForDeploymentPostprocessing = 0;
			shellPath = /bin/sh;
			shellScript = "\"${SRCROOT}/Pods/Target Support Files/Pods-Artpass/Pods-Artpass-resources.sh\"\n";
			showEnvVarsInLog = 0;
		};
		7C60E1034F6C31EBD0CC636F /* Check Pods Manifest.lock */ = {
			isa = PBXShellScriptBuildPhase;
			buildActionMask = 2147483647;
			files = (
			);
			inputPaths = (
			);
			name = "Check Pods Manifest.lock";
			outputPaths = (
			);
			runOnlyForDeploymentPostprocessing = 0;
			shellPath = /bin/sh;
			shellScript = "diff \"${PODS_ROOT}/../Podfile.lock\" \"${PODS_ROOT}/Manifest.lock\" > /dev/null\nif [[ $? != 0 ]] ; then\n    cat << EOM\nerror: The sandbox is not in sync with the Podfile.lock. Run 'pod install' or update your CocoaPods installation.\nEOM\n    exit 1\nfi\n";
			showEnvVarsInLog = 0;
		};
		BF40162283BDC15678F641CD /* Embed Pods Frameworks */ = {
			isa = PBXShellScriptBuildPhase;
			buildActionMask = 2147483647;
			files = (
			);
			inputPaths = (
			);
			name = "Embed Pods Frameworks";
			outputPaths = (
			);
			runOnlyForDeploymentPostprocessing = 0;
			shellPath = /bin/sh;
			shellScript = "\"${SRCROOT}/Pods/Target Support Files/Pods-Artpass/Pods-Artpass-frameworks.sh\"\n";
			showEnvVarsInLog = 0;
		};
/* End PBXShellScriptBuildPhase section */

/* Begin PBXSourcesBuildPhase section */
		5CF354241C0EEA1B00F6226C /* Sources */ = {
			isa = PBXSourcesBuildPhase;
			buildActionMask = 2147483647;
			files = (
				5C7F21251C11864D0006385E /* Events.swift in Sources */,
				5C8BC4521C0F38F400B0634F /* HomeSearchView.swift in Sources */,
				5C7F21501C1391740006385E /* HomeEventsFilterController.swift in Sources */,
				5C7B4A641C1767AC008C21BF /* EventInfoTableView.swift in Sources */,
				5C7B4A6B1C176DE3008C21BF /* EventArtistCell.swift in Sources */,
				5C8BC44F1C0F1F1F00B0634F /* HomeBookmarksView.swift in Sources */,
				5CF354541C0F0EE300F6226C /* BaseViewController.swift in Sources */,
				B308A600870EF3E9DA76C60C /* AppDelegate.swift in Sources */,
				5C8BC4541C0F395100B0634F /* HomeProfileView.swift in Sources */,
				5C1ABE9F1C1B10E2002288A0 /* HomeFilterPlaceController.swift in Sources */,
				5C1ABEA81C1B22AA002288A0 /* Period.swift in Sources */,
				5C1ABEA61C1B17CA002288A0 /* HomeFilterPeriodController.swift in Sources */,
				5C0317561C14F7390090EF44 /* HomeFilterEventsView.swift in Sources */,
				5C7B4A671C1768DF008C21BF /* EventInfoController.swift in Sources */,
				5C7B4A6E1C1843B3008C21BF /* LocationInfoController.swift in Sources */,
				5CA83F9C1C18970200125E44 /* LocationInfoTableController.swift in Sources */,
				5C8BC4561C0F396700B0634F /* HomeNotificationView.swift in Sources */,
				5C7F212C1C11C7BE0006385E /* HomeEventCell.swift in Sources */,
				5CD861B61C10E03500EB826D /* Event.swift in Sources */,
				5C8BC4501C0F1F1F00B0634F /* HomeEventsListView.swift in Sources */,
				5CD861B81C10E06600EB826D /* Artist.swift in Sources */,
				5CD861BA1C10F2FF00EB826D /* Place.swift in Sources */,
				5CA83F9A1C18966300125E44 /* LocationInfoTableView.swift in Sources */,
				5C5453931C0F1D0600F9D1BE /* HomeTabsController.swift in Sources */,
				5C1ABEA51C1B17CA002288A0 /* HomeFilterTypeController.swift in Sources */,
				5C1ABE9A1C1A2E72002288A0 /* EventTypes.swift in Sources */,
			);
			runOnlyForDeploymentPostprocessing = 0;
		};
/* End PBXSourcesBuildPhase section */

/* Begin PBXVariantGroup section */
		B308A099B5BF5E0E248741FF /* Main.storyboard */ = {
			isa = PBXVariantGroup;
			children = (
				B308A46081CCFEA61C0C93FA /* Base */,
			);
			name = Main.storyboard;
			sourceTree = "<group>";
		};
		B308A45F1A695C37BB9BE27F /* LaunchScreen.storyboard */ = {
			isa = PBXVariantGroup;
			children = (
				B308A01A2F8E397CE2643BF9 /* Base */,
			);
			name = LaunchScreen.storyboard;
			sourceTree = "<group>";
		};
/* End PBXVariantGroup section */

/* Begin XCBuildConfiguration section */
		5CF354381C0EEA1B00F6226C /* Debug */ = {
			isa = XCBuildConfiguration;
			buildSettings = {
				ALWAYS_SEARCH_USER_PATHS = NO;
				CLANG_CXX_LANGUAGE_STANDARD = "gnu++0x";
				CLANG_CXX_LIBRARY = "libc++";
				CLANG_ENABLE_MODULES = YES;
				CLANG_ENABLE_OBJC_ARC = YES;
				CLANG_WARN_BOOL_CONVERSION = YES;
				CLANG_WARN_CONSTANT_CONVERSION = YES;
				CLANG_WARN_DIRECT_OBJC_ISA_USAGE = YES_ERROR;
				CLANG_WARN_EMPTY_BODY = YES;
				CLANG_WARN_ENUM_CONVERSION = YES;
				CLANG_WARN_INT_CONVERSION = YES;
				CLANG_WARN_OBJC_ROOT_CLASS = YES_ERROR;
				CLANG_WARN_UNREACHABLE_CODE = YES;
				CLANG_WARN__DUPLICATE_METHOD_MATCH = YES;
				"CODE_SIGN_IDENTITY[sdk=iphoneos*]" = "iPhone Developer";
				COPY_PHASE_STRIP = NO;
				DEBUG_INFORMATION_FORMAT = dwarf;
				ENABLE_STRICT_OBJC_MSGSEND = YES;
				ENABLE_TESTABILITY = YES;
				GCC_C_LANGUAGE_STANDARD = gnu99;
				GCC_DYNAMIC_NO_PIC = NO;
				GCC_NO_COMMON_BLOCKS = YES;
				GCC_OPTIMIZATION_LEVEL = 0;
				GCC_PREPROCESSOR_DEFINITIONS = (
					"DEBUG=1",
					"$(inherited)",
				);
				GCC_WARN_64_TO_32_BIT_CONVERSION = YES;
				GCC_WARN_ABOUT_RETURN_TYPE = YES_ERROR;
				GCC_WARN_UNDECLARED_SELECTOR = YES;
				GCC_WARN_UNINITIALIZED_AUTOS = YES_AGGRESSIVE;
				GCC_WARN_UNUSED_FUNCTION = YES;
				GCC_WARN_UNUSED_VARIABLE = YES;
				IPHONEOS_DEPLOYMENT_TARGET = 9.1;
				MTL_ENABLE_DEBUG_INFO = YES;
				ONLY_ACTIVE_ARCH = YES;
				SDKROOT = iphoneos;
				SWIFT_OPTIMIZATION_LEVEL = "-Onone";
			};
			name = Debug;
		};
		5CF354391C0EEA1B00F6226C /* Release */ = {
			isa = XCBuildConfiguration;
			buildSettings = {
				ALWAYS_SEARCH_USER_PATHS = NO;
				CLANG_CXX_LANGUAGE_STANDARD = "gnu++0x";
				CLANG_CXX_LIBRARY = "libc++";
				CLANG_ENABLE_MODULES = YES;
				CLANG_ENABLE_OBJC_ARC = YES;
				CLANG_WARN_BOOL_CONVERSION = YES;
				CLANG_WARN_CONSTANT_CONVERSION = YES;
				CLANG_WARN_DIRECT_OBJC_ISA_USAGE = YES_ERROR;
				CLANG_WARN_EMPTY_BODY = YES;
				CLANG_WARN_ENUM_CONVERSION = YES;
				CLANG_WARN_INT_CONVERSION = YES;
				CLANG_WARN_OBJC_ROOT_CLASS = YES_ERROR;
				CLANG_WARN_UNREACHABLE_CODE = YES;
				CLANG_WARN__DUPLICATE_METHOD_MATCH = YES;
				"CODE_SIGN_IDENTITY[sdk=iphoneos*]" = "iPhone Developer";
				COPY_PHASE_STRIP = NO;
				DEBUG_INFORMATION_FORMAT = "dwarf-with-dsym";
				ENABLE_NS_ASSERTIONS = NO;
				ENABLE_STRICT_OBJC_MSGSEND = YES;
				GCC_C_LANGUAGE_STANDARD = gnu99;
				GCC_NO_COMMON_BLOCKS = YES;
				GCC_WARN_64_TO_32_BIT_CONVERSION = YES;
				GCC_WARN_ABOUT_RETURN_TYPE = YES_ERROR;
				GCC_WARN_UNDECLARED_SELECTOR = YES;
				GCC_WARN_UNINITIALIZED_AUTOS = YES_AGGRESSIVE;
				GCC_WARN_UNUSED_FUNCTION = YES;
				GCC_WARN_UNUSED_VARIABLE = YES;
				IPHONEOS_DEPLOYMENT_TARGET = 9.1;
				MTL_ENABLE_DEBUG_INFO = NO;
				SDKROOT = iphoneos;
				VALIDATE_PRODUCT = YES;
			};
			name = Release;
		};
		5CF3543B1C0EEA1B00F6226C /* Debug */ = {
			isa = XCBuildConfiguration;
			baseConfigurationReference = DB57EBD6C7D533EF43656468 /* Pods-Artpass.debug.xcconfig */;
			buildSettings = {
				ASSETCATALOG_COMPILER_APPICON_NAME = AppIcon;
				FRAMEWORK_SEARCH_PATHS = (
					"$(inherited)",
					"$(PROJECT_DIR)/build/Debug-iphoneos",
				);
				INFOPLIST_FILE = "$(SRCROOT)/Artpass/Application/Info.plist";
				IPHONEOS_DEPLOYMENT_TARGET = 9.1;
				LD_RUNPATH_SEARCH_PATHS = "$(inherited) @executable_path/Frameworks";
				PRODUCT_BUNDLE_IDENTIFIER = "com.top-dev.Artpass";
				PRODUCT_NAME = "$(TARGET_NAME)";
			};
			name = Debug;
		};
		5CF3543C1C0EEA1B00F6226C /* Release */ = {
			isa = XCBuildConfiguration;
			baseConfigurationReference = 57154548FC2DAC8321077353 /* Pods-Artpass.release.xcconfig */;
			buildSettings = {
				ASSETCATALOG_COMPILER_APPICON_NAME = AppIcon;
				FRAMEWORK_SEARCH_PATHS = (
					"$(inherited)",
					"$(PROJECT_DIR)/build/Debug-iphoneos",
				);
				INFOPLIST_FILE = "$(SRCROOT)/Artpass/Application/Info.plist";
				IPHONEOS_DEPLOYMENT_TARGET = 9.1;
				LD_RUNPATH_SEARCH_PATHS = "$(inherited) @executable_path/Frameworks";
				PRODUCT_BUNDLE_IDENTIFIER = "com.top-dev.Artpass";
				PRODUCT_NAME = "$(TARGET_NAME)";
			};
			name = Release;
		};
/* End XCBuildConfiguration section */

/* Begin XCConfigurationList section */
		5CF354231C0EEA1B00F6226C /* Build configuration list for PBXProject "Artpass" */ = {
			isa = XCConfigurationList;
			buildConfigurations = (
				5CF354381C0EEA1B00F6226C /* Debug */,
				5CF354391C0EEA1B00F6226C /* Release */,
			);
			defaultConfigurationIsVisible = 0;
			defaultConfigurationName = Release;
		};
		5CF3543A1C0EEA1B00F6226C /* Build configuration list for PBXNativeTarget "Artpass" */ = {
			isa = XCConfigurationList;
			buildConfigurations = (
				5CF3543B1C0EEA1B00F6226C /* Debug */,
				5CF3543C1C0EEA1B00F6226C /* Release */,
			);
			defaultConfigurationIsVisible = 0;
			defaultConfigurationName = Release;
		};
/* End XCConfigurationList section */
	};
	rootObject = 5CF354201C0EEA1B00F6226C /* Project object */;
}
